
Microsoft Visual Studio Solution File, Format Version 12.00
# Visual Studio 15
VisualStudioVersion = 15.0.28307.779
MinimumVisualStudioVersion = 10.0.40219.1
Project("{FAE04EC0-301F-11D3-BF4B-00C04F79EFBC}") = "CodeRepeater", "CodeRepeater\CodeRepeater.csproj", "{470ED0B2-3B43-42A1-B196-3E22E8914314}"
EndProject
Global
	GlobalSection(SolutionConfigurationPlatforms) = preSolution
		Debug|Any CPU = Debug|Any CPU
		Release|Any CPU = Release|Any CPU
	EndGlobalSection
	GlobalSection(ProjectConfigurationPlatforms) = postSolution
		{470ED0B2-3B43-42A1-B196-3E22E8914314}.Debug|Any CPU.ActiveCfg = Debug|Any CPU
		{470ED0B2-3B43-42A1-B196-3E22E8914314}.Debug|Any CPU.Build.0 = Debug|Any CPU
		{470ED0B2-3B43-42A1-B196-3E22E8914314}.Release|Any CPU.ActiveCfg = Release|Any CPU
		{470ED0B2-3B43-42A1-B196-3E22E8914314}.Release|Any CPU.Build.0 = Release|Any CPU
	EndGlobalSection
	GlobalSection(SolutionProperties) = preSolution
		HideSolutionNode = FALSE
	EndGlobalSection
	GlobalSection(ExtensibilityGlobals) = postSolution
		SolutionGuid = {14049225-3696-4249-B55E-170CF8B03177}
	EndGlobalSection
EndGlobal
